schema: '2.0'
stages:
  rsblur_extract:
    cmd: bash data/scripts/extract_shards.sh
    deps:
    - path: data/scripts/extract_shards.sh
      hash: md5
      md5: 7d98e503019f599348b246ad52aa928b
      size: 694
      isexec: true
    - path: data/zip
      hash: md5
      md5: 6d5e1677e9986cd2a145e2a4d032be1c.dir
      size: 8085358928
      nfiles: 1
    outs:
    - path: data/datasets/RSBlur
      hash: md5
      md5: 94ad69196448abe057d8fcefe7760756.dir
      size: 8083571639
      nfiles: 2488
  rsblur_split:
    cmd: python data/scripts/split_train_val.py
    deps:
    - path: data/datasets/RSBlur
      hash: md5
      md5: 94ad69196448abe057d8fcefe7760756.dir
      size: 8083571639
      nfiles: 2488
    - path: data/datasets/RSblur_splits/RSBlur_real_train.txt
      hash: md5
      md5: 5a23d4692ed363c4bcafe8b88ebf56ba
      size: 692484
      isexec: true
    - path: data/datasets/RSblur_splits/RSBlur_real_val.txt
      hash: md5
      md5: fa419f14462f6ee8dda1474557371f2b
      size: 87360
      isexec: true
    - path: data/scripts/split_train_val.py
      hash: md5
      md5: 83fd77660e68f28fadb362947dafa5c7
      size: 3551
      isexec: true
    outs:
    - path: data/datasets/rsblur_train_val
      hash: md5
      md5: 4d5689c4f3640f30d0b4e070995cfa34.dir
      size: 6026418083
      nfiles: 1854
  rsblur_download:
    cmd: python data/scripts/yandex_download.py
    deps:
    - path: data/scripts/yandex_download.py
      hash: md5
      md5: afa3cea88df7a5b3e7ef575c2c7976c8
      size: 2126
      isexec: true
    outs:
    - path: data/zip
      hash: md5
      md5: 6d5e1677e9986cd2a145e2a4d032be1c.dir
      size: 8085358928
      nfiles: 1
